
Microsoft Visual Studio Solution File, Format Version 12.00
# Visual Studio Version 17
VisualStudioVersion = 17.14.36623.8 d17.14
MinimumVisualStudioVersion = 10.0.40219.1
Project("{FAE04EC0-301F-11D3-BF4B-00C04F79EFBC}") = "BankAccount", "BankAccount\BankAccount.csproj", "{98ACBCAB-94E1-40BF-9EFB-D3AB7D7015AF}"
EndProject
Global
	GlobalSection(SolutionConfigurationPlatforms) = preSolution
		Debug|Any CPU = Debug|Any CPU
		Release|Any CPU = Release|Any CPU
	EndGlobalSection
	GlobalSection(ProjectConfigurationPlatforms) = postSolution
		{98ACBCAB-94E1-40BF-9EFB-D3AB7D7015AF}.Debug|Any CPU.ActiveCfg = Debug|Any CPU
		{98ACBCAB-94E1-40BF-9EFB-D3AB7D7015AF}.Debug|Any CPU.Build.0 = Debug|Any CPU
		{98ACBCAB-94E1-40BF-9EFB-D3AB7D7015AF}.Release|Any CPU.ActiveCfg = Release|Any CPU
		{98ACBCAB-94E1-40BF-9EFB-D3AB7D7015AF}.Release|Any CPU.Build.0 = Release|Any CPU
	EndGlobalSection
	GlobalSection(SolutionProperties) = preSolution
		HideSolutionNode = FALSE
	EndGlobalSection
	GlobalSection(ExtensibilityGlobals) = postSolution
		SolutionGuid = {CAD95527-BF35-4A2C-8464-FC3054B8D7D7}
	EndGlobalSection
EndGlobal
